
Microsoft Visual Studio Solution File, Format Version 12.00
Project("{FAE04EC0-301F-11D3-BF4B-00C04F79EFBC}") = "Mart.Web", "Mart.Web\Mart.Web.csproj", "{8710ED64-72E1-4AFE-84B6-308B0244CD46}"
EndProject
Project("{2150E333-8FDC-42A3-9474-1A3956D46DE8}") = "source", "source", "{B83B2ED9-FDF9-44A0-B02F-06E92F4752BE}"
EndProject
Project("{2150E333-8FDC-42A3-9474-1A3956D46DE8}") = "Core", "Core", "{8540310F-66EB-400C-A09D-F152A7245A52}"
EndProject
Project("{2150E333-8FDC-42A3-9474-1A3956D46DE8}") = "Infrastructure", "Infrastructure", "{72667414-23FA-493C-96F2-620FE1BF2DF6}"
EndProject
Project("{2150E333-8FDC-42A3-9474-1A3956D46DE8}") = "Presentation", "Presentation", "{BEF4F615-301C-44D1-9CCD-066B7D9EEE04}"
EndProject
Project("{2150E333-8FDC-42A3-9474-1A3956D46DE8}") = "Shared", "Shared", "{4E1E50CB-D405-4E11-BCA4-91D3D984649D}"
EndProject
Project("{FAE04EC0-301F-11D3-BF4B-00C04F79EFBC}") = "Application", "Application\Application.csproj", "{83FF2067-327F-4A2C-B0F5-604AF763A904}"
EndProject
Project("{FAE04EC0-301F-11D3-BF4B-00C04F79EFBC}") = "Domain", "Domain\Domain.csproj", "{5F8063DA-AC98-40BF-B1BF-7C15EBBAEA0C}"
EndProject
Project("{FAE04EC0-301F-11D3-BF4B-00C04F79EFBC}") = "Infrastructure", "Infrastructure\Infrastructure.csproj", "{0F86A280-2E2B-4827-9A07-8B2C6899A927}"
EndProject
Project("{FAE04EC0-301F-11D3-BF4B-00C04F79EFBC}") = "Persistence", "Persistence\Persistence.csproj", "{0A513DF7-25E9-4250-96C0-51D6475E6F1C}"
EndProject
Project("{FAE04EC0-301F-11D3-BF4B-00C04F79EFBC}") = "Mart.Identity", "Mart.Identity\Mart.Identity.csproj", "{8DCFC5EB-1827-4AD0-ACB8-DA85580355E2}"
EndProject
Global
	GlobalSection(SolutionConfigurationPlatforms) = preSolution
		Debug|Any CPU = Debug|Any CPU
		Release|Any CPU = Release|Any CPU
	EndGlobalSection
	GlobalSection(ProjectConfigurationPlatforms) = postSolution
		{8710ED64-72E1-4AFE-84B6-308B0244CD46}.Debug|Any CPU.ActiveCfg = Debug|Any CPU
		{8710ED64-72E1-4AFE-84B6-308B0244CD46}.Debug|Any CPU.Build.0 = Debug|Any CPU
		{8710ED64-72E1-4AFE-84B6-308B0244CD46}.Release|Any CPU.ActiveCfg = Release|Any CPU
		{8710ED64-72E1-4AFE-84B6-308B0244CD46}.Release|Any CPU.Build.0 = Release|Any CPU
		{83FF2067-327F-4A2C-B0F5-604AF763A904}.Debug|Any CPU.ActiveCfg = Debug|Any CPU
		{83FF2067-327F-4A2C-B0F5-604AF763A904}.Debug|Any CPU.Build.0 = Debug|Any CPU
		{83FF2067-327F-4A2C-B0F5-604AF763A904}.Release|Any CPU.ActiveCfg = Release|Any CPU
		{83FF2067-327F-4A2C-B0F5-604AF763A904}.Release|Any CPU.Build.0 = Release|Any CPU
		{5F8063DA-AC98-40BF-B1BF-7C15EBBAEA0C}.Debug|Any CPU.ActiveCfg = Debug|Any CPU
		{5F8063DA-AC98-40BF-B1BF-7C15EBBAEA0C}.Debug|Any CPU.Build.0 = Debug|Any CPU
		{5F8063DA-AC98-40BF-B1BF-7C15EBBAEA0C}.Release|Any CPU.ActiveCfg = Release|Any CPU
		{5F8063DA-AC98-40BF-B1BF-7C15EBBAEA0C}.Release|Any CPU.Build.0 = Release|Any CPU
		{0F86A280-2E2B-4827-9A07-8B2C6899A927}.Debug|Any CPU.ActiveCfg = Debug|Any CPU
		{0F86A280-2E2B-4827-9A07-8B2C6899A927}.Debug|Any CPU.Build.0 = Debug|Any CPU
		{0F86A280-2E2B-4827-9A07-8B2C6899A927}.Release|Any CPU.ActiveCfg = Release|Any CPU
		{0F86A280-2E2B-4827-9A07-8B2C6899A927}.Release|Any CPU.Build.0 = Release|Any CPU
		{0A513DF7-25E9-4250-96C0-51D6475E6F1C}.Debug|Any CPU.ActiveCfg = Debug|Any CPU
		{0A513DF7-25E9-4250-96C0-51D6475E6F1C}.Debug|Any CPU.Build.0 = Debug|Any CPU
		{0A513DF7-25E9-4250-96C0-51D6475E6F1C}.Release|Any CPU.ActiveCfg = Release|Any CPU
		{0A513DF7-25E9-4250-96C0-51D6475E6F1C}.Release|Any CPU.Build.0 = Release|Any CPU
		{8DCFC5EB-1827-4AD0-ACB8-DA85580355E2}.Debug|Any CPU.ActiveCfg = Debug|Any CPU
		{8DCFC5EB-1827-4AD0-ACB8-DA85580355E2}.Debug|Any CPU.Build.0 = Debug|Any CPU
		{8DCFC5EB-1827-4AD0-ACB8-DA85580355E2}.Release|Any CPU.ActiveCfg = Release|Any CPU
		{8DCFC5EB-1827-4AD0-ACB8-DA85580355E2}.Release|Any CPU.Build.0 = Release|Any CPU
	EndGlobalSection
	GlobalSection(NestedProjects) = preSolution
		{8540310F-66EB-400C-A09D-F152A7245A52} = {B83B2ED9-FDF9-44A0-B02F-06E92F4752BE}
		{72667414-23FA-493C-96F2-620FE1BF2DF6} = {B83B2ED9-FDF9-44A0-B02F-06E92F4752BE}
		{BEF4F615-301C-44D1-9CCD-066B7D9EEE04} = {B83B2ED9-FDF9-44A0-B02F-06E92F4752BE}
		{8710ED64-72E1-4AFE-84B6-308B0244CD46} = {BEF4F615-301C-44D1-9CCD-066B7D9EEE04}
		{4E1E50CB-D405-4E11-BCA4-91D3D984649D} = {B83B2ED9-FDF9-44A0-B02F-06E92F4752BE}
		{83FF2067-327F-4A2C-B0F5-604AF763A904} = {8540310F-66EB-400C-A09D-F152A7245A52}
		{5F8063DA-AC98-40BF-B1BF-7C15EBBAEA0C} = {8540310F-66EB-400C-A09D-F152A7245A52}
		{0F86A280-2E2B-4827-9A07-8B2C6899A927} = {72667414-23FA-493C-96F2-620FE1BF2DF6}
		{0A513DF7-25E9-4250-96C0-51D6475E6F1C} = {72667414-23FA-493C-96F2-620FE1BF2DF6}
		{8DCFC5EB-1827-4AD0-ACB8-DA85580355E2} = {BEF4F615-301C-44D1-9CCD-066B7D9EEE04}
	EndGlobalSection
EndGlobal
